
Microsoft Visual Studio Solution File, Format Version 12.00
# Visual Studio Version 16
VisualStudioVersion = 16.0.30320.27
MinimumVisualStudioVersion = 10.0.40219.1
Project("{9A19103F-16F7-4668-BE54-9A1E7A4F7556}") = "UYK.DAL", "UYK.DAL\UYK.DAL.csproj", "{088C9B10-FF2E-40E8-8A7A-0684806D4125}"
EndProject
Project("{9A19103F-16F7-4668-BE54-9A1E7A4F7556}") = "UYK.Model", "UYK.Model\UYK.Model.csproj", "{43CABBE7-403D-402E-BE8C-70C0E103405C}"
EndProject
Project("{9A19103F-16F7-4668-BE54-9A1E7A4F7556}") = "UYK.Core", "UYK.Core\UYK.Core.csproj", "{70D71153-06BF-4058-91DA-231F13EF327A}"
EndProject
Project("{9A19103F-16F7-4668-BE54-9A1E7A4F7556}") = "UYK.DTO", "UYK.DTO\UYK.DTO.csproj", "{90C30162-3835-4283-A7E7-39FE9BBBEFF1}"
EndProject
Project("{9A19103F-16F7-4668-BE54-9A1E7A4F7556}") = "UYK.Mapping", "UYK.Mapping\UYK.Mapping.csproj", "{90947535-F7CD-489C-9DF9-9BDC19808795}"
EndProject
Project("{9A19103F-16F7-4668-BE54-9A1E7A4F7556}") = "UYK.BLL", "UYK.BLL\UYK.BLL.csproj", "{F7DC3305-704F-4BFE-AB44-7BE78D29C860}"
EndProject
Project("{9A19103F-16F7-4668-BE54-9A1E7A4F7556}") = "UYK.WebUI.Admin", "UYK.Admin.WebUI\UYK.WebUI.Admin.csproj", "{F0F2D47C-904F-4A3B-A564-F248F3D2BFD6}"
EndProject
Project("{2150E333-8FDC-42A3-9474-1A3956D46DE8}") = "Solution Items", "Solution Items", "{C29F4843-A7A2-4337-B220-C8F0EC3E1BE3}"
	ProjectSection(SolutionItems) = preProject
		ToDo.txt = ToDo.txt
	EndProjectSection
EndProject
Global
	GlobalSection(SolutionConfigurationPlatforms) = preSolution
		Debug|Any CPU = Debug|Any CPU
		Release|Any CPU = Release|Any CPU
	EndGlobalSection
	GlobalSection(ProjectConfigurationPlatforms) = postSolution
		{088C9B10-FF2E-40E8-8A7A-0684806D4125}.Debug|Any CPU.ActiveCfg = Debug|Any CPU
		{088C9B10-FF2E-40E8-8A7A-0684806D4125}.Debug|Any CPU.Build.0 = Debug|Any CPU
		{088C9B10-FF2E-40E8-8A7A-0684806D4125}.Release|Any CPU.ActiveCfg = Release|Any CPU
		{088C9B10-FF2E-40E8-8A7A-0684806D4125}.Release|Any CPU.Build.0 = Release|Any CPU
		{43CABBE7-403D-402E-BE8C-70C0E103405C}.Debug|Any CPU.ActiveCfg = Debug|Any CPU
		{43CABBE7-403D-402E-BE8C-70C0E103405C}.Debug|Any CPU.Build.0 = Debug|Any CPU
		{43CABBE7-403D-402E-BE8C-70C0E103405C}.Release|Any CPU.ActiveCfg = Release|Any CPU
		{43CABBE7-403D-402E-BE8C-70C0E103405C}.Release|Any CPU.Build.0 = Release|Any CPU
		{70D71153-06BF-4058-91DA-231F13EF327A}.Debug|Any CPU.ActiveCfg = Debug|Any CPU
		{70D71153-06BF-4058-91DA-231F13EF327A}.Debug|Any CPU.Build.0 = Debug|Any CPU
		{70D71153-06BF-4058-91DA-231F13EF327A}.Release|Any CPU.ActiveCfg = Release|Any CPU
		{70D71153-06BF-4058-91DA-231F13EF327A}.Release|Any CPU.Build.0 = Release|Any CPU
		{90C30162-3835-4283-A7E7-39FE9BBBEFF1}.Debug|Any CPU.ActiveCfg = Debug|Any CPU
		{90C30162-3835-4283-A7E7-39FE9BBBEFF1}.Debug|Any CPU.Build.0 = Debug|Any CPU
		{90C30162-3835-4283-A7E7-39FE9BBBEFF1}.Release|Any CPU.ActiveCfg = Release|Any CPU
		{90C30162-3835-4283-A7E7-39FE9BBBEFF1}.Release|Any CPU.Build.0 = Release|Any CPU
		{90947535-F7CD-489C-9DF9-9BDC19808795}.Debug|Any CPU.ActiveCfg = Debug|Any CPU
		{90947535-F7CD-489C-9DF9-9BDC19808795}.Debug|Any CPU.Build.0 = Debug|Any CPU
		{90947535-F7CD-489C-9DF9-9BDC19808795}.Release|Any CPU.ActiveCfg = Release|Any CPU
		{90947535-F7CD-489C-9DF9-9BDC19808795}.Release|Any CPU.Build.0 = Release|Any CPU
		{F7DC3305-704F-4BFE-AB44-7BE78D29C860}.Debug|Any CPU.ActiveCfg = Debug|Any CPU
		{F7DC3305-704F-4BFE-AB44-7BE78D29C860}.Debug|Any CPU.Build.0 = Debug|Any CPU
		{F7DC3305-704F-4BFE-AB44-7BE78D29C860}.Release|Any CPU.ActiveCfg = Release|Any CPU
		{F7DC3305-704F-4BFE-AB44-7BE78D29C860}.Release|Any CPU.Build.0 = Release|Any CPU
		{F0F2D47C-904F-4A3B-A564-F248F3D2BFD6}.Debug|Any CPU.ActiveCfg = Debug|Any CPU
		{F0F2D47C-904F-4A3B-A564-F248F3D2BFD6}.Debug|Any CPU.Build.0 = Debug|Any CPU
		{F0F2D47C-904F-4A3B-A564-F248F3D2BFD6}.Release|Any CPU.ActiveCfg = Release|Any CPU
		{F0F2D47C-904F-4A3B-A564-F248F3D2BFD6}.Release|Any CPU.Build.0 = Release|Any CPU
	EndGlobalSection
	GlobalSection(SolutionProperties) = preSolution
		HideSolutionNode = FALSE
	EndGlobalSection
	GlobalSection(ExtensibilityGlobals) = postSolution
		SolutionGuid = {11D4ABDF-AA7F-4C23-AD96-7C9A6AAB4DB2}
	EndGlobalSection
EndGlobal
